// !$*UTF8*$!
{
	archiveVersion = 1;
	classes = {
	};
	objectVersion = 56;
	objects = {

/* Begin PBXBuildFile section */
		8248C7562A042E9B005C5B65 /* AppDelegate.swift in Sources */ = {isa = PBXBuildFile; fileRef = 8248C7552A042E9B005C5B65 /* AppDelegate.swift */; };
		8248C7582A042E9B005C5B65 /* SceneDelegate.swift in Sources */ = {isa = PBXBuildFile; fileRef = 8248C7572A042E9B005C5B65 /* SceneDelegate.swift */; };
		8248C75D2A042E9B005C5B65 /* Main.storyboard in Resources */ = {isa = PBXBuildFile; fileRef = 8248C75B2A042E9B005C5B65 /* Main.storyboard */; };
		8248C7602A042E9B005C5B65 /* TableView_MVVM.xcdatamodeld in Sources */ = {isa = PBXBuildFile; fileRef = 8248C75E2A042E9B005C5B65 /* TableView_MVVM.xcdatamodeld */; };
		8248C7622A042E9C005C5B65 /* Assets.xcassets in Resources */ = {isa = PBXBuildFile; fileRef = 8248C7612A042E9C005C5B65 /* Assets.xcassets */; };
		8248C7652A042E9C005C5B65 /* LaunchScreen.storyboard in Resources */ = {isa = PBXBuildFile; fileRef = 8248C7632A042E9C005C5B65 /* LaunchScreen.storyboard */; };
		8248C7772A042FA1005C5B65 /* UserListViewController.swift in Sources */ = {isa = PBXBuildFile; fileRef = 8248C7762A042FA1005C5B65 /* UserListViewController.swift */; };
		8248C7792A0430F6005C5B65 /* UIViewController + Extension.swift in Sources */ = {isa = PBXBuildFile; fileRef = 8248C7782A0430F6005C5B65 /* UIViewController + Extension.swift */; };
		8248C77B2A043359005C5B65 /* UserModel.swift in Sources */ = {isa = PBXBuildFile; fileRef = 8248C77A2A043359005C5B65 /* UserModel.swift */; };
		8248C77D2A04345D005C5B65 /* UserViewModel.swift in Sources */ = {isa = PBXBuildFile; fileRef = 8248C77C2A04345D005C5B65 /* UserViewModel.swift */; };
		8248C7812A04455B005C5B65 /* CoreDataManager.swift in Sources */ = {isa = PBXBuildFile; fileRef = 8248C7802A04455B005C5B65 /* CoreDataManager.swift */; };
/* End PBXBuildFile section */

/* Begin PBXFileReference section */
		8248C7522A042E9B005C5B65 /* TableView_MVVM.app */ = {isa = PBXFileReference; explicitFileType = wrapper.application; includeInIndex = 0; path = TableView_MVVM.app; sourceTree = BUILT_PRODUCTS_DIR; };
		8248C7552A042E9B005C5B65 /* AppDelegate.swift */ = {isa = PBXFileReference; lastKnownFileType = sourcecode.swift; path = AppDelegate.swift; sourceTree = "<group>"; };
		8248C7572A042E9B005C5B65 /* SceneDelegate.swift */ = {isa = PBXFileReference; lastKnownFileType = sourcecode.swift; path = SceneDelegate.swift; sourceTree = "<group>"; };
		8248C75C2A042E9B005C5B65 /* Base */ = {isa = PBXFileReference; lastKnownFileType = file.storyboard; name = Base; path = Base.lproj/Main.storyboard; sourceTree = "<group>"; };
		8248C75F2A042E9B005C5B65 /* TableView_MVVM.xcdatamodel */ = {isa = PBXFileReference; lastKnownFileType = wrapper.xcdatamodel; path = TableView_MVVM.xcdatamodel; sourceTree = "<group>"; };
		8248C7612A042E9C005C5B65 /* Assets.xcassets */ = {isa = PBXFileReference; lastKnownFileType = folder.assetcatalog; path = Assets.xcassets; sourceTree = "<group>"; };
		8248C7642A042E9C005C5B65 /* Base */ = {isa = PBXFileReference; lastKnownFileType = file.storyboard; name = Base; path = Base.lproj/LaunchScreen.storyboard; sourceTree = "<group>"; };
		8248C7662A042E9C005C5B65 /* Info.plist */ = {isa = PBXFileReference; lastKnownFileType = text.plist.xml; path = Info.plist; sourceTree = "<group>"; };
		8248C7762A042FA1005C5B65 /* UserListViewController.swift */ = {isa = PBXFileReference; lastKnownFileType = sourcecode.swift; path = UserListViewController.swift; sourceTree = "<group>"; };
		8248C7782A0430F6005C5B65 /* UIViewController + Extension.swift */ = {isa = PBXFileReference; lastKnownFileType = sourcecode.swift; path = "UIViewController + Extension.swift"; sourceTree = "<group>"; };
		8248C77A2A043359005C5B65 /* UserModel.swift */ = {isa = PBXFileReference; lastKnownFileType = sourcecode.swift; path = UserModel.swift; sourceTree = "<group>"; };
		8248C77C2A04345D005C5B65 /* UserViewModel.swift */ = {isa = PBXFileReference; lastKnownFileType = sourcecode.swift; path = UserViewModel.swift; sourceTree = "<group>"; };
		8248C7802A04455B005C5B65 /* CoreDataManager.swift */ = {isa = PBXFileReference; lastKnownFileType = sourcecode.swift; path = CoreDataManager.swift; sourceTree = "<group>"; };
/* End PBXFileReference section */

/* Begin PBXFrameworksBuildPhase section */
		8248C74F2A042E9B005C5B65 /* Frameworks */ = {
			isa = PBXFrameworksBuildPhase;
			buildActionMask = 2147483647;
			files = (
			);
			runOnlyForDeploymentPostprocessing = 0;
		};
/* End PBXFrameworksBuildPhase section */

/* Begin PBXGroup section */
		8248C7492A042E9B005C5B65 = {
			isa = PBXGroup;
			children = (
				8248C7542A042E9B005C5B65 /* TableView_MVVM */,
				8248C7532A042E9B005C5B65 /* Products */,
			);
			sourceTree = "<group>";
		};
		8248C7532A042E9B005C5B65 /* Products */ = {
			isa = PBXGroup;
			children = (
				8248C7522A042E9B005C5B65 /* TableView_MVVM.app */,
			);
			name = Products;
			sourceTree = "<group>";
		};
		8248C7542A042E9B005C5B65 /* TableView_MVVM */ = {
			isa = PBXGroup;
			children = (
				8248C76C2A042EA2005C5B65 /* Application */,
				8248C7712A042EE2005C5B65 /* Database */,
				8248C7702A042EC2005C5B65 /* Storyboard */,
				8248C76E2A042EB3005C5B65 /* Extension */,
				8248C76D2A042EAA005C5B65 /* Screens */,
				8248C76F2A042EBA005C5B65 /* Resources */,
				8248C7662A042E9C005C5B65 /* Info.plist */,
			);
			path = TableView_MVVM;
			sourceTree = "<group>";
		};
		8248C76C2A042EA2005C5B65 /* Application */ = {
			isa = PBXGroup;
			children = (
				8248C7552A042E9B005C5B65 /* AppDelegate.swift */,
				8248C7572A042E9B005C5B65 /* SceneDelegate.swift */,
			);
			path = Application;
			sourceTree = "<group>";
		};
		8248C76D2A042EAA005C5B65 /* Screens */ = {
			isa = PBXGroup;
			children = (
				8248C7722A042F64005C5B65 /* User */,
			);
			path = Screens;
			sourceTree = "<group>";
		};
		8248C76E2A042EB3005C5B65 /* Extension */ = {
			isa = PBXGroup;
			children = (
				8248C7782A0430F6005C5B65 /* UIViewController + Extension.swift */,
			);
			path = Extension;
			sourceTree = "<group>";
		};
		8248C76F2A042EBA005C5B65 /* Resources */ = {
			isa = PBXGroup;
			children = (
				8248C7612A042E9C005C5B65 /* Assets.xcassets */,
			);
			path = Resources;
			sourceTree = "<group>";
		};
		8248C7702A042EC2005C5B65 /* Storyboard */ = {
			isa = PBXGroup;
			children = (
				8248C75B2A042E9B005C5B65 /* Main.storyboard */,
				8248C7632A042E9C005C5B65 /* LaunchScreen.storyboard */,
			);
			path = Storyboard;
			sourceTree = "<group>";
		};
		8248C7712A042EE2005C5B65 /* Database */ = {
			isa = PBXGroup;
			children = (
				8248C75E2A042E9B005C5B65 /* TableView_MVVM.xcdatamodeld */,
				8248C7802A04455B005C5B65 /* CoreDataManager.swift */,
			);
			path = Database;
			sourceTree = "<group>";
		};
		8248C7722A042F64005C5B65 /* User */ = {
			isa = PBXGroup;
			children = (
				8248C7752A042F84005C5B65 /* Model */,
				8248C7742A042F7D005C5B65 /* View */,
				8248C7732A042F74005C5B65 /* ViewModel */,
			);
			path = User;
			sourceTree = "<group>";
		};
		8248C7732A042F74005C5B65 /* ViewModel */ = {
			isa = PBXGroup;
			children = (
				8248C77C2A04345D005C5B65 /* UserViewModel.swift */,
			);
			path = ViewModel;
			sourceTree = "<group>";
		};
		8248C7742A042F7D005C5B65 /* View */ = {
			isa = PBXGroup;
			children = (
				8248C7762A042FA1005C5B65 /* UserListViewController.swift */,
			);
			path = View;
			sourceTree = "<group>";
		};
		8248C7752A042F84005C5B65 /* Model */ = {
			isa = PBXGroup;
			children = (
				8248C77A2A043359005C5B65 /* UserModel.swift */,
			);
			path = Model;
			sourceTree = "<group>";
		};
/* End PBXGroup section */

/* Begin PBXNativeTarget section */
		8248C7512A042E9B005C5B65 /* TableView_MVVM */ = {
			isa = PBXNativeTarget;
			buildConfigurationList = 8248C7692A042E9C005C5B65 /* Build configuration list for PBXNativeTarget "TableView_MVVM" */;
			buildPhases = (
				8248C74E2A042E9B005C5B65 /* Sources */,
				8248C74F2A042E9B005C5B65 /* Frameworks */,
				8248C7502A042E9B005C5B65 /* Resources */,
			);
			buildRules = (
			);
			dependencies = (
			);
			name = TableView_MVVM;
			productName = TableView_MVVM;
			productReference = 8248C7522A042E9B005C5B65 /* TableView_MVVM.app */;
			productType = "com.apple.product-type.application";
		};
/* End PBXNativeTarget section */

/* Begin PBXProject section */
		8248C74A2A042E9B005C5B65 /* Project object */ = {
			isa = PBXProject;
			attributes = {
				BuildIndependentTargetsInParallel = 1;
				LastSwiftUpdateCheck = 1420;
				LastUpgradeCheck = 1420;
				TargetAttributes = {
					8248C7512A042E9B005C5B65 = {
						CreatedOnToolsVersion = 14.2;
					};
				};
			};
			buildConfigurationList = 8248C74D2A042E9B005C5B65 /* Build configuration list for PBXProject "TableView_MVVM" */;
			compatibilityVersion = "Xcode 14.0";
			developmentRegion = en;
			hasScannedForEncodings = 0;
			knownRegions = (
				en,
				Base,
			);
			mainGroup = 8248C7492A042E9B005C5B65;
			productRefGroup = 8248C7532A042E9B005C5B65 /* Products */;
			projectDirPath = "";
			projectRoot = "";
			targets = (
				8248C7512A042E9B005C5B65 /* TableView_MVVM */,
			);
		};
/* End PBXProject section */

/* Begin PBXResourcesBuildPhase section */
		8248C7502A042E9B005C5B65 /* Resources */ = {
			isa = PBXResourcesBuildPhase;
			buildActionMask = 2147483647;
			files = (
				8248C7652A042E9C005C5B65 /* LaunchScreen.storyboard in Resources */,
				8248C7622A042E9C005C5B65 /* Assets.xcassets in Resources */,
				8248C75D2A042E9B005C5B65 /* Main.storyboard in Resources */,
			);
			runOnlyForDeploymentPostprocessing = 0;
		};
/* End PBXResourcesBuildPhase section */

/* Begin PBXSourcesBuildPhase section */
		8248C74E2A042E9B005C5B65 /* Sources */ = {
			isa = PBXSourcesBuildPhase;
			buildActionMask = 2147483647;
			files = (
				8248C7562A042E9B005C5B65 /* AppDelegate.swift in Sources */,
				8248C7792A0430F6005C5B65 /* UIViewController + Extension.swift in Sources */,
				8248C7772A042FA1005C5B65 /* UserListViewController.swift in Sources */,
				8248C7582A042E9B005C5B65 /* SceneDelegate.swift in Sources */,
				8248C77B2A043359005C5B65 /* UserModel.swift in Sources */,
				8248C77D2A04345D005C5B65 /* UserViewModel.swift in Sources */,
				8248C7812A04455B005C5B65 /* CoreDataManager.swift in Sources */,
				8248C7602A042E9B005C5B65 /* TableView_MVVM.xcdatamodeld in Sources */,
			);
			runOnlyForDeploymentPostprocessing = 0;
		};
/* End PBXSourcesBuildPhase section */

/* Begin PBXVariantGroup section */
		8248C75B2A042E9B005C5B65 /* Main.storyboard */ = {
			isa = PBXVariantGroup;
			children = (
				8248C75C2A042E9B005C5B65 /* Base */,
			);
			name = Main.storyboard;
			sourceTree = "<group>";
		};
		8248C7632A042E9C005C5B65 /* LaunchScreen.storyboard */ = {
			isa = PBXVariantGroup;
			children = (
				8248C7642A042E9C005C5B65 /* Base */,
			);
			name = LaunchScreen.storyboard;
			sourceTree = "<group>";
		};
/* End PBXVariantGroup section */

/* Begin XCBuildConfiguration section */
		8248C7672A042E9C005C5B65 /* Debug */ = {
			isa = XCBuildConfiguration;
			buildSettings = {
				ALWAYS_SEARCH_USER_PATHS = NO;
				CLANG_ANALYZER_NONNULL = YES;
				CLANG_ANALYZER_NUMBER_OBJECT_CONVERSION = YES_AGGRESSIVE;
				CLANG_CXX_LANGUAGE_STANDARD = "gnu++20";
				CLANG_ENABLE_MODULES = YES;
				CLANG_ENABLE_OBJC_ARC = YES;
				CLANG_ENABLE_OBJC_WEAK = YES;
				CLANG_WARN_BLOCK_CAPTURE_AUTORELEASING = YES;
				CLANG_WARN_BOOL_CONVERSION = YES;
				CLANG_WARN_COMMA = YES;
				CLANG_WARN_CONSTANT_CONVERSION = YES;
				CLANG_WARN_DEPRECATED_OBJC_IMPLEMENTATIONS = YES;
				CLANG_WARN_DIRECT_OBJC_ISA_USAGE = YES_ERROR;
				CLANG_WARN_DOCUMENTATION_COMMENTS = YES;
				CLANG_WARN_EMPTY_BODY = YES;
				CLANG_WARN_ENUM_CONVERSION = YES;
				CLANG_WARN_INFINITE_RECURSION = YES;
				CLANG_WARN_INT_CONVERSION = YES;
				CLANG_WARN_NON_LITERAL_NULL_CONVERSION = YES;
				CLANG_WARN_OBJC_IMPLICIT_RETAIN_SELF = YES;
				CLANG_WARN_OBJC_LITERAL_CONVERSION = YES;
				CLANG_WARN_OBJC_ROOT_CLASS = YES_ERROR;
				CLANG_WARN_QUOTED_INCLUDE_IN_FRAMEWORK_HEADER = YES;
				CLANG_WARN_RANGE_LOOP_ANALYSIS = YES;
				CLANG_WARN_STRICT_PROTOTYPES = YES;
				CLANG_WARN_SUSPICIOUS_MOVE = YES;
				CLANG_WARN_UNGUARDED_AVAILABILITY = YES_AGGRESSIVE;
				CLANG_WARN_UNREACHABLE_CODE = YES;
				CLANG_WARN__DUPLICATE_METHOD_MATCH = YES;
				COPY_PHASE_STRIP = NO;
				DEBUG_INFORMATION_FORMAT = dwarf;
				ENABLE_STRICT_OBJC_MSGSEND = YES;
				ENABLE_TESTABILITY = YES;
				GCC_C_LANGUAGE_STANDARD = gnu11;
				GCC_DYNAMIC_NO_PIC = NO;
				GCC_NO_COMMON_BLOCKS = YES;
				GCC_OPTIMIZATION_LEVEL = 0;
				GCC_PREPROCESSOR_DEFINITIONS = (
					"DEBUG=1",
					"$(inherited)",
				);
				GCC_WARN_64_TO_32_BIT_CONVERSION = YES;
				GCC_WARN_ABOUT_RETURN_TYPE = YES_ERROR;
				GCC_WARN_UNDECLARED_SELECTOR = YES;
				GCC_WARN_UNINITIALIZED_AUTOS = YES_AGGRESSIVE;
				GCC_WARN_UNUSED_FUNCTION = YES;
				GCC_WARN_UNUSED_VARIABLE = YES;
				IPHONEOS_DEPLOYMENT_TARGET = 16.2;
				MTL_ENABLE_DEBUG_INFO = INCLUDE_SOURCE;
				MTL_FAST_MATH = YES;
				ONLY_ACTIVE_ARCH = YES;
				SDKROOT = iphoneos;
				SWIFT_ACTIVE_COMPILATION_CONDITIONS = DEBUG;
				SWIFT_OPTIMIZATION_LEVEL = "-Onone";
			};
			name = Debug;
		};
		8248C7682A042E9C005C5B65 /* Release */ = {
			isa = XCBuildConfiguration;
			buildSettings = {
				ALWAYS_SEARCH_USER_PATHS = NO;
				CLANG_ANALYZER_NONNULL = YES;
				CLANG_ANALYZER_NUMBER_OBJECT_CONVERSION = YES_AGGRESSIVE;
				CLANG_CXX_LANGUAGE_STANDARD = "gnu++20";
				CLANG_ENABLE_MODULES = YES;
				CLANG_ENABLE_OBJC_ARC = YES;
				CLANG_ENABLE_OBJC_WEAK = YES;
				CLANG_WARN_BLOCK_CAPTURE_AUTORELEASING = YES;
				CLANG_WARN_BOOL_CONVERSION = YES;
				CLANG_WARN_COMMA = YES;
				CLANG_WARN_CONSTANT_CONVERSION = YES;
				CLANG_WARN_DEPRECATED_OBJC_IMPLEMENTATIONS = YES;
				CLANG_WARN_DIRECT_OBJC_ISA_USAGE = YES_ERROR;
				CLANG_WARN_DOCUMENTATION_COMMENTS = YES;
				CLANG_WARN_EMPTY_BODY = YES;
				CLANG_WARN_ENUM_CONVERSION = YES;
				CLANG_WARN_INFINITE_RECURSION = YES;
				CLANG_WARN_INT_CONVERSION = YES;
				CLANG_WARN_NON_LITERAL_NULL_CONVERSION = YES;
				CLANG_WARN_OBJC_IMPLICIT_RETAIN_SELF = YES;
				CLANG_WARN_OBJC_LITERAL_CONVERSION = YES;
				CLANG_WARN_OBJC_ROOT_CLASS = YES_ERROR;
				CLANG_WARN_QUOTED_INCLUDE_IN_FRAMEWORK_HEADER = YES;
				CLANG_WARN_RANGE_LOOP_ANALYSIS = YES;
				CLANG_WARN_STRICT_PROTOTYPES = YES;
				CLANG_WARN_SUSPICIOUS_MOVE = YES;
				CLANG_WARN_UNGUARDED_AVAILABILITY = YES_AGGRESSIVE;
				CLANG_WARN_UNREACHABLE_CODE = YES;
				CLANG_WARN__DUPLICATE_METHOD_MATCH = YES;
				COPY_PHASE_STRIP = NO;
				DEBUG_INFORMATION_FORMAT = "dwarf-with-dsym";
				ENABLE_NS_ASSERTIONS = NO;
				ENABLE_STRICT_OBJC_MSGSEND = YES;
				GCC_C_LANGUAGE_STANDARD = gnu11;
				GCC_NO_COMMON_BLOCKS = YES;
				GCC_WARN_64_TO_32_BIT_CONVERSION = YES;
				GCC_WARN_ABOUT_RETURN_TYPE = YES_ERROR;
				GCC_WARN_UNDECLARED_SELECTOR = YES;
				GCC_WARN_UNINITIALIZED_AUTOS = YES_AGGRESSIVE;
				GCC_WARN_UNUSED_FUNCTION = YES;
				GCC_WARN_UNUSED_VARIABLE = YES;
				IPHONEOS_DEPLOYMENT_TARGET = 16.2;
				MTL_ENABLE_DEBUG_INFO = NO;
				MTL_FAST_MATH = YES;
				SDKROOT = iphoneos;
				SWIFT_COMPILATION_MODE = wholemodule;
				SWIFT_OPTIMIZATION_LEVEL = "-O";
				VALIDATE_PRODUCT = YES;
			};
			name = Release;
		};
		8248C76A2A042E9C005C5B65 /* Debug */ = {
			isa = XCBuildConfiguration;
			buildSettings = {
				ASSETCATALOG_COMPILER_APPICON_NAME = AppIcon;
				ASSETCATALOG_COMPILER_GLOBAL_ACCENT_COLOR_NAME = AccentColor;
				CODE_SIGN_STYLE = Automatic;
				CURRENT_PROJECT_VERSION = 1;
				DEVELOPMENT_TEAM = CDYX7WCA8Q;
				GENERATE_INFOPLIST_FILE = YES;
				INFOPLIST_FILE = TableView_MVVM/Info.plist;
				INFOPLIST_KEY_UIApplicationSupportsIndirectInputEvents = YES;
				INFOPLIST_KEY_UILaunchStoryboardName = LaunchScreen;
				INFOPLIST_KEY_UIMainStoryboardFile = Main;
				INFOPLIST_KEY_UISupportedInterfaceOrientations_iPad = "UIInterfaceOrientationPortrait UIInterfaceOrientationPortraitUpsideDown UIInterfaceOrientationLandscapeLeft UIInterfaceOrientationLandscapeRight";
				INFOPLIST_KEY_UISupportedInterfaceOrientations_iPhone = "UIInterfaceOrientationPortrait UIInterfaceOrientationLandscapeLeft UIInterfaceOrientationLandscapeRight";
				LD_RUNPATH_SEARCH_PATHS = (
					"$(inherited)",
					"@executable_path/Frameworks",
				);
				MARKETING_VERSION = 1.0;
				PRODUCT_BUNDLE_IDENTIFIER = "mittal.TableView-MVVM";
				PRODUCT_NAME = "$(TARGET_NAME)";
				SWIFT_EMIT_LOC_STRINGS = YES;
				SWIFT_VERSION = 5.0;
				TARGETED_DEVICE_FAMILY = "1,2";
			};
			name = Debug;
		};
		8248C76B2A042E9C005C5B65 /* Release */ = {
			isa = XCBuildConfiguration;
			buildSettings = {
				ASSETCATALOG_COMPILER_APPICON_NAME = AppIcon;
				ASSETCATALOG_COMPILER_GLOBAL_ACCENT_COLOR_NAME = AccentColor;
				CODE_SIGN_STYLE = Automatic;
				CURRENT_PROJECT_VERSION = 1;
				DEVELOPMENT_TEAM = CDYX7WCA8Q;
				GENERATE_INFOPLIST_FILE = YES;
				INFOPLIST_FILE = TableView_MVVM/Info.plist;
				INFOPLIST_KEY_UIApplicationSupportsIndirectInputEvents = YES;
				INFOPLIST_KEY_UILaunchStoryboardName = LaunchScreen;
				INFOPLIST_KEY_UIMainStoryboardFile = Main;
				INFOPLIST_KEY_UISupportedInterfaceOrientations_iPad = "UIInterfaceOrientationPortrait UIInterfaceOrientationPortraitUpsideDown UIInterfaceOrientationLandscapeLeft UIInterfaceOrientationLandscapeRight";
				INFOPLIST_KEY_UISupportedInterfaceOrientations_iPhone = "UIInterfaceOrientationPortrait UIInterfaceOrientationLandscapeLeft UIInterfaceOrientationLandscapeRight";
				LD_RUNPATH_SEARCH_PATHS = (
					"$(inherited)",
					"@executable_path/Frameworks",
				);
				MARKETING_VERSION = 1.0;
				PRODUCT_BUNDLE_IDENTIFIER = "mittal.TableView-MVVM";
				PRODUCT_NAME = "$(TARGET_NAME)";
				SWIFT_EMIT_LOC_STRINGS = YES;
				SWIFT_VERSION = 5.0;
				TARGETED_DEVICE_FAMILY = "1,2";
			};
			name = Release;
		};
/* End XCBuildConfiguration section */

/* Begin XCConfigurationList section */
		8248C74D2A042E9B005C5B65 /* Build configuration list for PBXProject "TableView_MVVM" */ = {
			isa = XCConfigurationList;
			buildConfigurations = (
				8248C7672A042E9C005C5B65 /* Debug */,
				8248C7682A042E9C005C5B65 /* Release */,
			);
			defaultConfigurationIsVisible = 0;
			defaultConfigurationName = Release;
		};
		8248C7692A042E9C005C5B65 /* Build configuration list for PBXNativeTarget "TableView_MVVM" */ = {
			isa = XCConfigurationList;
			buildConfigurations = (
				8248C76A2A042E9C005C5B65 /* Debug */,
				8248C76B2A042E9C005C5B65 /* Release */,
			);
			defaultConfigurationIsVisible = 0;
			defaultConfigurationName = Release;
		};
/* End XCConfigurationList section */

/* Begin XCVersionGroup section */
		8248C75E2A042E9B005C5B65 /* TableView_MVVM.xcdatamodeld */ = {
			isa = XCVersionGroup;
			children = (
				8248C75F2A042E9B005C5B65 /* TableView_MVVM.xcdatamodel */,
			);
			currentVersion = 8248C75F2A042E9B005C5B65 /* TableView_MVVM.xcdatamodel */;
			path = TableView_MVVM.xcdatamodeld;
			sourceTree = "<group>";
			versionGroupType = wrapper.xcdatamodel;
		};
/* End XCVersionGroup section */
	};
	rootObject = 8248C74A2A042E9B005C5B65 /* Project object */;
}
